
Microsoft Visual Studio Solution File, Format Version 12.00
# Visual Studio Version 16
VisualStudioVersion = 16.0.30413.136
MinimumVisualStudioVersion = 10.0.40219.1
Project("{FAE04EC0-301F-11D3-BF4B-00C04F79EFBC}") = "LabelFoolproofMachine", "LabelFoolproofMachine\LabelFoolproofMachine.csproj", "{EBBAA84B-0CC6-412D-A308-EF5E5FCFE8A0}"
EndProject
Global
	GlobalSection(SolutionConfigurationPlatforms) = preSolution
		Debug|Any CPU = Debug|Any CPU
		Release|Any CPU = Release|Any CPU
	EndGlobalSection
	GlobalSection(ProjectConfigurationPlatforms) = postSolution
		{EBBAA84B-0CC6-412D-A308-EF5E5FCFE8A0}.Debug|Any CPU.ActiveCfg = Debug|Any CPU
		{EBBAA84B-0CC6-412D-A308-EF5E5FCFE8A0}.Debug|Any CPU.Build.0 = Debug|Any CPU
		{EBBAA84B-0CC6-412D-A308-EF5E5FCFE8A0}.Release|Any CPU.ActiveCfg = Release|Any CPU
		{EBBAA84B-0CC6-412D-A308-EF5E5FCFE8A0}.Release|Any CPU.Build.0 = Release|Any CPU
	EndGlobalSection
	GlobalSection(SolutionProperties) = preSolution
		HideSolutionNode = FALSE
	EndGlobalSection
	GlobalSection(ExtensibilityGlobals) = postSolution
		SolutionGuid = {5C7575DE-29D1-4ACD-A91C-E5178FEA624B}
	EndGlobalSection
EndGlobal
